// !$*UTF8*$!
{
	archiveVersion = 1;
	classes = {
	};
	objectVersion = 55;
	objects = {

/* Begin PBXBuildFile section */
		4E0DCE8B286898D20003B1C0 /* Extensions.swift in Sources */ = {isa = PBXBuildFile; fileRef = 4E0DCE88286898D20003B1C0 /* Extensions.swift */; };
		4E0DCE8C286898D20003B1C0 /* SceneDelegate.swift in Sources */ = {isa = PBXBuildFile; fileRef = 4E0DCE89286898D20003B1C0 /* SceneDelegate.swift */; };
		4E0DCE8D286898D20003B1C0 /* AppDelegate.swift in Sources */ = {isa = PBXBuildFile; fileRef = 4E0DCE8A286898D20003B1C0 /* AppDelegate.swift */; };
		4E0DCE91286898ED0003B1C0 /* APICaller.swift in Sources */ = {isa = PBXBuildFile; fileRef = 4E0DCE8E286898ED0003B1C0 /* APICaller.swift */; };
		4E0DCE92286898ED0003B1C0 /* HapticsManager.swift in Sources */ = {isa = PBXBuildFile; fileRef = 4E0DCE8F286898ED0003B1C0 /* HapticsManager.swift */; };
		4E0DCE93286898ED0003B1C0 /* AuthManager.swift in Sources */ = {isa = PBXBuildFile; fileRef = 4E0DCE90286898ED0003B1C0 /* AuthManager.swift */; };
		4E0DCE9A286898F80003B1C0 /* AuthResponse.swift in Sources */ = {isa = PBXBuildFile; fileRef = 4E0DCE94286898F80003B1C0 /* AuthResponse.swift */; };
		4E0DCE9B286898F80003B1C0 /* Artist.swift in Sources */ = {isa = PBXBuildFile; fileRef = 4E0DCE95286898F80003B1C0 /* Artist.swift */; };
		4E0DCE9C286898F80003B1C0 /* UserProfile.swift in Sources */ = {isa = PBXBuildFile; fileRef = 4E0DCE96286898F80003B1C0 /* UserProfile.swift */; };
		4E0DCE9D286898F80003B1C0 /* AudioTrack.swift in Sources */ = {isa = PBXBuildFile; fileRef = 4E0DCE97286898F80003B1C0 /* AudioTrack.swift */; };
		4E0DCE9E286898F80003B1C0 /* SettingsModels.swift in Sources */ = {isa = PBXBuildFile; fileRef = 4E0DCE98286898F80003B1C0 /* SettingsModels.swift */; };
		4E0DCE9F286898F80003B1C0 /* Playlist.swift in Sources */ = {isa = PBXBuildFile; fileRef = 4E0DCE99286898F80003B1C0 /* Playlist.swift */; };
		4E0DCEA1286899040003B1C0 /* LaunchScreen.storyboard in Resources */ = {isa = PBXBuildFile; fileRef = 4E0DCEA0286899040003B1C0 /* LaunchScreen.storyboard */; };
		4E0DCEAC286899380003B1C0 /* TabBarViewController.swift in Sources */ = {isa = PBXBuildFile; fileRef = 4E0DCEA8286899380003B1C0 /* TabBarViewController.swift */; };
		4E0DCEAD286899380003B1C0 /* SearchViewController.swift in Sources */ = {isa = PBXBuildFile; fileRef = 4E0DCEA9286899380003B1C0 /* SearchViewController.swift */; };
		4E0DCEAE286899380003B1C0 /* LibraryViewController.swift in Sources */ = {isa = PBXBuildFile; fileRef = 4E0DCEAA286899380003B1C0 /* LibraryViewController.swift */; };
		4E0DCEAF286899380003B1C0 /* HomeViewController.swift in Sources */ = {isa = PBXBuildFile; fileRef = 4E0DCEAB286899380003B1C0 /* HomeViewController.swift */; };
		4E0DCEB72868993F0003B1C0 /* AuthViewController.swift in Sources */ = {isa = PBXBuildFile; fileRef = 4E0DCEB02868993F0003B1C0 /* AuthViewController.swift */; };
		4E0DCEB82868993F0003B1C0 /* PlaylistViewController.swift in Sources */ = {isa = PBXBuildFile; fileRef = 4E0DCEB12868993F0003B1C0 /* PlaylistViewController.swift */; };
		4E0DCEB92868993F0003B1C0 /* PlayerViewController.swift in Sources */ = {isa = PBXBuildFile; fileRef = 4E0DCEB22868993F0003B1C0 /* PlayerViewController.swift */; };
		4E0DCEBA2868993F0003B1C0 /* ProfileViewController.swift in Sources */ = {isa = PBXBuildFile; fileRef = 4E0DCEB32868993F0003B1C0 /* ProfileViewController.swift */; };
		4E0DCEBB2868993F0003B1C0 /* SearchResultsViewController.swift in Sources */ = {isa = PBXBuildFile; fileRef = 4E0DCEB42868993F0003B1C0 /* SearchResultsViewController.swift */; };
		4E0DCEBC2868993F0003B1C0 /* SettingsViewController.swift in Sources */ = {isa = PBXBuildFile; fileRef = 4E0DCEB52868993F0003B1C0 /* SettingsViewController.swift */; };
		4E0DCEBD2868993F0003B1C0 /* WelcomeViewController.swift in Sources */ = {isa = PBXBuildFile; fileRef = 4E0DCEB62868993F0003B1C0 /* WelcomeViewController.swift */; };
		4E5A01BE28689C0800F64BAC /* NewReleasesResponse.swift in Sources */ = {isa = PBXBuildFile; fileRef = 4E5A01BD28689C0800F64BAC /* NewReleasesResponse.swift */; };
		4E5A01C028689CE300F64BAC /* APIImage.swift in Sources */ = {isa = PBXBuildFile; fileRef = 4E5A01BF28689CE300F64BAC /* APIImage.swift */; };
		4E7554192868A4BF00A746A0 /* FeaturedPlaylistResponse.swift in Sources */ = {isa = PBXBuildFile; fileRef = 4E7554182868A4BF00A746A0 /* FeaturedPlaylistResponse.swift */; };
		4E75541B2868A98A00A746A0 /* RecommendedGenresResponse.swift in Sources */ = {isa = PBXBuildFile; fileRef = 4E75541A2868A98A00A746A0 /* RecommendedGenresResponse.swift */; };
		4E75541D2868ABA800A746A0 /* RecommendationsResponse.swift in Sources */ = {isa = PBXBuildFile; fileRef = 4E75541C2868ABA800A746A0 /* RecommendationsResponse.swift */; };
		4E7554202868B82800A746A0 /* NewReleaseCollectionViewCell.swift in Sources */ = {isa = PBXBuildFile; fileRef = 4E75541F2868B82800A746A0 /* NewReleaseCollectionViewCell.swift */; };
		4E7554222868B84E00A746A0 /* FeaturedPlaylistCollectionViewCell.swift in Sources */ = {isa = PBXBuildFile; fileRef = 4E7554212868B84E00A746A0 /* FeaturedPlaylistCollectionViewCell.swift */; };
		4E7554242868B86D00A746A0 /* RecommendedTrackCollectionViewCell.swift in Sources */ = {isa = PBXBuildFile; fileRef = 4E7554232868B86D00A746A0 /* RecommendedTrackCollectionViewCell.swift */; };
		4EA3B1B3286897230098083D /* Assets.xcassets in Resources */ = {isa = PBXBuildFile; fileRef = 4EA3B1B2286897230098083D /* Assets.xcassets */; };
		89F1DAAA9FB6ECFA85E261D4 /* Pods_spotify_clone.framework in Frameworks */ = {isa = PBXBuildFile; fileRef = 1D88B002B53D1CA4C0CF839E /* Pods_spotify_clone.framework */; };
/* End PBXBuildFile section */

/* Begin PBXFileReference section */
		1D88B002B53D1CA4C0CF839E /* Pods_spotify_clone.framework */ = {isa = PBXFileReference; explicitFileType = wrapper.framework; includeInIndex = 0; path = Pods_spotify_clone.framework; sourceTree = BUILT_PRODUCTS_DIR; };
		4DD98BBF7CC6B1A18E2CC15F /* Pods-spotify_clone.debug.xcconfig */ = {isa = PBXFileReference; includeInIndex = 1; lastKnownFileType = text.xcconfig; name = "Pods-spotify_clone.debug.xcconfig"; path = "Target Support Files/Pods-spotify_clone/Pods-spotify_clone.debug.xcconfig"; sourceTree = "<group>"; };
		4E0DCE88286898D20003B1C0 /* Extensions.swift */ = {isa = PBXFileReference; fileEncoding = 4; lastKnownFileType = sourcecode.swift; path = Extensions.swift; sourceTree = "<group>"; };
		4E0DCE89286898D20003B1C0 /* SceneDelegate.swift */ = {isa = PBXFileReference; fileEncoding = 4; lastKnownFileType = sourcecode.swift; name = SceneDelegate.swift; path = ../../../testApp/testApp/Resources/SceneDelegate.swift; sourceTree = "<group>"; };
		4E0DCE8A286898D20003B1C0 /* AppDelegate.swift */ = {isa = PBXFileReference; fileEncoding = 4; lastKnownFileType = sourcecode.swift; name = AppDelegate.swift; path = ../../../testApp/testApp/Resources/AppDelegate.swift; sourceTree = "<group>"; };
		4E0DCE8E286898ED0003B1C0 /* APICaller.swift */ = {isa = PBXFileReference; fileEncoding = 4; lastKnownFileType = sourcecode.swift; path = APICaller.swift; sourceTree = "<group>"; };
		4E0DCE8F286898ED0003B1C0 /* HapticsManager.swift */ = {isa = PBXFileReference; fileEncoding = 4; lastKnownFileType = sourcecode.swift; path = HapticsManager.swift; sourceTree = "<group>"; };
		4E0DCE90286898ED0003B1C0 /* AuthManager.swift */ = {isa = PBXFileReference; fileEncoding = 4; lastKnownFileType = sourcecode.swift; path = AuthManager.swift; sourceTree = "<group>"; };
		4E0DCE94286898F80003B1C0 /* AuthResponse.swift */ = {isa = PBXFileReference; fileEncoding = 4; lastKnownFileType = sourcecode.swift; path = AuthResponse.swift; sourceTree = "<group>"; };
		4E0DCE95286898F80003B1C0 /* Artist.swift */ = {isa = PBXFileReference; fileEncoding = 4; lastKnownFileType = sourcecode.swift; path = Artist.swift; sourceTree = "<group>"; };
		4E0DCE96286898F80003B1C0 /* UserProfile.swift */ = {isa = PBXFileReference; fileEncoding = 4; lastKnownFileType = sourcecode.swift; path = UserProfile.swift; sourceTree = "<group>"; };
		4E0DCE97286898F80003B1C0 /* AudioTrack.swift */ = {isa = PBXFileReference; fileEncoding = 4; lastKnownFileType = sourcecode.swift; path = AudioTrack.swift; sourceTree = "<group>"; };
		4E0DCE98286898F80003B1C0 /* SettingsModels.swift */ = {isa = PBXFileReference; fileEncoding = 4; lastKnownFileType = sourcecode.swift; path = SettingsModels.swift; sourceTree = "<group>"; };
		4E0DCE99286898F80003B1C0 /* Playlist.swift */ = {isa = PBXFileReference; fileEncoding = 4; lastKnownFileType = sourcecode.swift; path = Playlist.swift; sourceTree = "<group>"; };
		4E0DCEA0286899040003B1C0 /* LaunchScreen.storyboard */ = {isa = PBXFileReference; fileEncoding = 4; lastKnownFileType = file.storyboard; path = LaunchScreen.storyboard; sourceTree = "<group>"; };
		4E0DCEA8286899380003B1C0 /* TabBarViewController.swift */ = {isa = PBXFileReference; fileEncoding = 4; lastKnownFileType = sourcecode.swift; path = TabBarViewController.swift; sourceTree = "<group>"; };
		4E0DCEA9286899380003B1C0 /* SearchViewController.swift */ = {isa = PBXFileReference; fileEncoding = 4; lastKnownFileType = sourcecode.swift; path = SearchViewController.swift; sourceTree = "<group>"; };
		4E0DCEAA286899380003B1C0 /* LibraryViewController.swift */ = {isa = PBXFileReference; fileEncoding = 4; lastKnownFileType = sourcecode.swift; path = LibraryViewController.swift; sourceTree = "<group>"; };
		4E0DCEAB286899380003B1C0 /* HomeViewController.swift */ = {isa = PBXFileReference; fileEncoding = 4; lastKnownFileType = sourcecode.swift; path = HomeViewController.swift; sourceTree = "<group>"; };
		4E0DCEB02868993F0003B1C0 /* AuthViewController.swift */ = {isa = PBXFileReference; fileEncoding = 4; lastKnownFileType = sourcecode.swift; path = AuthViewController.swift; sourceTree = "<group>"; };
		4E0DCEB12868993F0003B1C0 /* PlaylistViewController.swift */ = {isa = PBXFileReference; fileEncoding = 4; lastKnownFileType = sourcecode.swift; path = PlaylistViewController.swift; sourceTree = "<group>"; };
		4E0DCEB22868993F0003B1C0 /* PlayerViewController.swift */ = {isa = PBXFileReference; fileEncoding = 4; lastKnownFileType = sourcecode.swift; path = PlayerViewController.swift; sourceTree = "<group>"; };
		4E0DCEB32868993F0003B1C0 /* ProfileViewController.swift */ = {isa = PBXFileReference; fileEncoding = 4; lastKnownFileType = sourcecode.swift; path = ProfileViewController.swift; sourceTree = "<group>"; };
		4E0DCEB42868993F0003B1C0 /* SearchResultsViewController.swift */ = {isa = PBXFileReference; fileEncoding = 4; lastKnownFileType = sourcecode.swift; path = SearchResultsViewController.swift; sourceTree = "<group>"; };
		4E0DCEB52868993F0003B1C0 /* SettingsViewController.swift */ = {isa = PBXFileReference; fileEncoding = 4; lastKnownFileType = sourcecode.swift; path = SettingsViewController.swift; sourceTree = "<group>"; };
		4E0DCEB62868993F0003B1C0 /* WelcomeViewController.swift */ = {isa = PBXFileReference; fileEncoding = 4; lastKnownFileType = sourcecode.swift; path = WelcomeViewController.swift; sourceTree = "<group>"; };
		4E5A01BD28689C0800F64BAC /* NewReleasesResponse.swift */ = {isa = PBXFileReference; lastKnownFileType = sourcecode.swift; path = NewReleasesResponse.swift; sourceTree = "<group>"; };
		4E5A01BF28689CE300F64BAC /* APIImage.swift */ = {isa = PBXFileReference; lastKnownFileType = sourcecode.swift; path = APIImage.swift; sourceTree = "<group>"; };
		4E7554182868A4BF00A746A0 /* FeaturedPlaylistResponse.swift */ = {isa = PBXFileReference; lastKnownFileType = sourcecode.swift; path = FeaturedPlaylistResponse.swift; sourceTree = "<group>"; };
		4E75541A2868A98A00A746A0 /* RecommendedGenresResponse.swift */ = {isa = PBXFileReference; lastKnownFileType = sourcecode.swift; name = RecommendedGenresResponse.swift; path = spotify_clone/Models/RecommendedGenresResponse.swift; sourceTree = SOURCE_ROOT; };
		4E75541C2868ABA800A746A0 /* RecommendationsResponse.swift */ = {isa = PBXFileReference; lastKnownFileType = sourcecode.swift; path = RecommendationsResponse.swift; sourceTree = "<group>"; };
		4E75541F2868B82800A746A0 /* NewReleaseCollectionViewCell.swift */ = {isa = PBXFileReference; lastKnownFileType = sourcecode.swift; path = NewReleaseCollectionViewCell.swift; sourceTree = "<group>"; };
		4E7554212868B84E00A746A0 /* FeaturedPlaylistCollectionViewCell.swift */ = {isa = PBXFileReference; lastKnownFileType = sourcecode.swift; path = FeaturedPlaylistCollectionViewCell.swift; sourceTree = "<group>"; };
		4E7554232868B86D00A746A0 /* RecommendedTrackCollectionViewCell.swift */ = {isa = PBXFileReference; lastKnownFileType = sourcecode.swift; path = RecommendedTrackCollectionViewCell.swift; sourceTree = "<group>"; };
		4EA3B1A6286897220098083D /* spotify_clone.app */ = {isa = PBXFileReference; explicitFileType = wrapper.application; includeInIndex = 0; path = spotify_clone.app; sourceTree = BUILT_PRODUCTS_DIR; };
		4EA3B1B2286897230098083D /* Assets.xcassets */ = {isa = PBXFileReference; lastKnownFileType = folder.assetcatalog; path = Assets.xcassets; sourceTree = "<group>"; };
		4EA3B1B7286897230098083D /* Info.plist */ = {isa = PBXFileReference; lastKnownFileType = text.plist.xml; path = Info.plist; sourceTree = "<group>"; };
		FA35FEEFA0E2B8D7BB60E4FF /* Pods-spotify_clone.release.xcconfig */ = {isa = PBXFileReference; includeInIndex = 1; lastKnownFileType = text.xcconfig; name = "Pods-spotify_clone.release.xcconfig"; path = "Target Support Files/Pods-spotify_clone/Pods-spotify_clone.release.xcconfig"; sourceTree = "<group>"; };
/* End PBXFileReference section */

/* Begin PBXFrameworksBuildPhase section */
		4EA3B1A3286897220098083D /* Frameworks */ = {
			isa = PBXFrameworksBuildPhase;
			buildActionMask = 2147483647;
			files = (
				89F1DAAA9FB6ECFA85E261D4 /* Pods_spotify_clone.framework in Frameworks */,
			);
			runOnlyForDeploymentPostprocessing = 0;
		};
/* End PBXFrameworksBuildPhase section */

/* Begin PBXGroup section */
		4E0DCE82286898100003B1C0 /* Resources */ = {
			isa = PBXGroup;
			children = (
				4E0DCE8A286898D20003B1C0 /* AppDelegate.swift */,
				4E0DCE88286898D20003B1C0 /* Extensions.swift */,
				4E0DCE89286898D20003B1C0 /* SceneDelegate.swift */,
				4EA3B1B2286897230098083D /* Assets.xcassets */,
			);
			path = Resources;
			sourceTree = "<group>";
		};
		4E0DCE832868981B0003B1C0 /* Managers */ = {
			isa = PBXGroup;
			children = (
				4E0DCE8E286898ED0003B1C0 /* APICaller.swift */,
				4E0DCE90286898ED0003B1C0 /* AuthManager.swift */,
				4E0DCE8F286898ED0003B1C0 /* HapticsManager.swift */,
			);
			path = Managers;
			sourceTree = "<group>";
		};
		4E0DCE84286898230003B1C0 /* ViewModels */ = {
			isa = PBXGroup;
			children = (
			);
			path = ViewModels;
			sourceTree = "<group>";
		};
		4E0DCE852868982C0003B1C0 /* Models */ = {
			isa = PBXGroup;
			children = (
				4E75541C2868ABA800A746A0 /* RecommendationsResponse.swift */,
				4E0DCE95286898F80003B1C0 /* Artist.swift */,
				4E0DCE97286898F80003B1C0 /* AudioTrack.swift */,
				4E0DCE94286898F80003B1C0 /* AuthResponse.swift */,
				4E0DCE99286898F80003B1C0 /* Playlist.swift */,
				4E0DCE98286898F80003B1C0 /* SettingsModels.swift */,
				4E0DCE96286898F80003B1C0 /* UserProfile.swift */,
				4E5A01BD28689C0800F64BAC /* NewReleasesResponse.swift */,
				4E5A01BF28689CE300F64BAC /* APIImage.swift */,
				4E7554182868A4BF00A746A0 /* FeaturedPlaylistResponse.swift */,
				4E75541A2868A98A00A746A0 /* RecommendedGenresResponse.swift */,
			);
			path = Models;
			sourceTree = "<group>";
		};
		4E0DCE86286898370003B1C0 /* View */ = {
			isa = PBXGroup;
			children = (
				4E75541E2868B7FF00A746A0 /* Browse */,
				4E0DCEA0286899040003B1C0 /* LaunchScreen.storyboard */,
			);
			path = View;
			sourceTree = "<group>";
		};
		4E0DCE87286898410003B1C0 /* Controllers */ = {
			isa = PBXGroup;
			children = (
				4E0DCEA72868992A0003B1C0 /* Other */,
				4E0DCEA6286899270003B1C0 /* Core */,
			);
			path = Controllers;
			sourceTree = "<group>";
		};
		4E0DCEA6286899270003B1C0 /* Core */ = {
			isa = PBXGroup;
			children = (
				4E0DCEAB286899380003B1C0 /* HomeViewController.swift */,
				4E0DCEAA286899380003B1C0 /* LibraryViewController.swift */,
				4E0DCEA9286899380003B1C0 /* SearchViewController.swift */,
				4E0DCEA8286899380003B1C0 /* TabBarViewController.swift */,
			);
			path = Core;
			sourceTree = "<group>";
		};
		4E0DCEA72868992A0003B1C0 /* Other */ = {
			isa = PBXGroup;
			children = (
				4E0DCEB02868993F0003B1C0 /* AuthViewController.swift */,
				4E0DCEB22868993F0003B1C0 /* PlayerViewController.swift */,
				4E0DCEB12868993F0003B1C0 /* PlaylistViewController.swift */,
				4E0DCEB32868993F0003B1C0 /* ProfileViewController.swift */,
				4E0DCEB42868993F0003B1C0 /* SearchResultsViewController.swift */,
				4E0DCEB52868993F0003B1C0 /* SettingsViewController.swift */,
				4E0DCEB62868993F0003B1C0 /* WelcomeViewController.swift */,
			);
			path = Other;
			sourceTree = "<group>";
		};
		4E75541E2868B7FF00A746A0 /* Browse */ = {
			isa = PBXGroup;
			children = (
				4E75541F2868B82800A746A0 /* NewReleaseCollectionViewCell.swift */,
				4E7554212868B84E00A746A0 /* FeaturedPlaylistCollectionViewCell.swift */,
				4E7554232868B86D00A746A0 /* RecommendedTrackCollectionViewCell.swift */,
			);
			path = Browse;
			sourceTree = "<group>";
		};
		4EA3B19D286897220098083D = {
			isa = PBXGroup;
			children = (
				4EA3B1A8286897220098083D /* spotify_clone */,
				4EA3B1A7286897220098083D /* Products */,
				F256E087154F4EE90CFF7434 /* Pods */,
				50B5479312CD00AD2C681952 /* Frameworks */,
			);
			sourceTree = "<group>";
		};
		4EA3B1A7286897220098083D /* Products */ = {
			isa = PBXGroup;
			children = (
				4EA3B1A6286897220098083D /* spotify_clone.app */,
			);
			name = Products;
			sourceTree = "<group>";
		};
		4EA3B1A8286897220098083D /* spotify_clone */ = {
			isa = PBXGroup;
			children = (
				4E0DCE82286898100003B1C0 /* Resources */,
				4E0DCE832868981B0003B1C0 /* Managers */,
				4E0DCE84286898230003B1C0 /* ViewModels */,
				4E0DCE852868982C0003B1C0 /* Models */,
				4E0DCE86286898370003B1C0 /* View */,
				4E0DCE87286898410003B1C0 /* Controllers */,
				4EA3B1B7286897230098083D /* Info.plist */,
			);
			path = spotify_clone;
			sourceTree = "<group>";
		};
		50B5479312CD00AD2C681952 /* Frameworks */ = {
			isa = PBXGroup;
			children = (
				1D88B002B53D1CA4C0CF839E /* Pods_spotify_clone.framework */,
			);
			name = Frameworks;
			sourceTree = "<group>";
		};
		F256E087154F4EE90CFF7434 /* Pods */ = {
			isa = PBXGroup;
			children = (
				4DD98BBF7CC6B1A18E2CC15F /* Pods-spotify_clone.debug.xcconfig */,
				FA35FEEFA0E2B8D7BB60E4FF /* Pods-spotify_clone.release.xcconfig */,
			);
			path = Pods;
			sourceTree = "<group>";
		};
/* End PBXGroup section */

/* Begin PBXNativeTarget section */
		4EA3B1A5286897220098083D /* spotify_clone */ = {
			isa = PBXNativeTarget;
			buildConfigurationList = 4EA3B1BA286897230098083D /* Build configuration list for PBXNativeTarget "spotify_clone" */;
			buildPhases = (
				B1297F111244B52AA0FA0CB3 /* [CP] Check Pods Manifest.lock */,
				4EA3B1A2286897220098083D /* Sources */,
				4EA3B1A3286897220098083D /* Frameworks */,
				4EA3B1A4286897220098083D /* Resources */,
				748A3D941FF68D514D37719E /* [CP] Embed Pods Frameworks */,
			);
			buildRules = (
			);
			dependencies = (
			);
			name = spotify_clone;
			productName = spotify_clone;
			productReference = 4EA3B1A6286897220098083D /* spotify_clone.app */;
			productType = "com.apple.product-type.application";
		};
/* End PBXNativeTarget section */

/* Begin PBXProject section */
		4EA3B19E286897220098083D /* Project object */ = {
			isa = PBXProject;
			attributes = {
				BuildIndependentTargetsInParallel = 1;
				LastSwiftUpdateCheck = 1340;
				LastUpgradeCheck = 1340;
				TargetAttributes = {
					4EA3B1A5286897220098083D = {
						CreatedOnToolsVersion = 13.4.1;
					};
				};
			};
			buildConfigurationList = 4EA3B1A1286897220098083D /* Build configuration list for PBXProject "spotify_clone" */;
			compatibilityVersion = "Xcode 13.0";
			developmentRegion = en;
			hasScannedForEncodings = 0;
			knownRegions = (
				en,
				Base,
			);
			mainGroup = 4EA3B19D286897220098083D;
			productRefGroup = 4EA3B1A7286897220098083D /* Products */;
			projectDirPath = "";
			projectRoot = "";
			targets = (
				4EA3B1A5286897220098083D /* spotify_clone */,
			);
		};
/* End PBXProject section */

/* Begin PBXResourcesBuildPhase section */
		4EA3B1A4286897220098083D /* Resources */ = {
			isa = PBXResourcesBuildPhase;
			buildActionMask = 2147483647;
			files = (
				4E0DCEA1286899040003B1C0 /* LaunchScreen.storyboard in Resources */,
				4EA3B1B3286897230098083D /* Assets.xcassets in Resources */,
			);
			runOnlyForDeploymentPostprocessing = 0;
		};
/* End PBXResourcesBuildPhase section */

/* Begin PBXShellScriptBuildPhase section */
		748A3D941FF68D514D37719E /* [CP] Embed Pods Frameworks */ = {
			isa = PBXShellScriptBuildPhase;
			buildActionMask = 2147483647;
			files = (
			);
			inputFileListPaths = (
				"${PODS_ROOT}/Target Support Files/Pods-spotify_clone/Pods-spotify_clone-frameworks-${CONFIGURATION}-input-files.xcfilelist",
			);
			name = "[CP] Embed Pods Frameworks";
			outputFileListPaths = (
				"${PODS_ROOT}/Target Support Files/Pods-spotify_clone/Pods-spotify_clone-frameworks-${CONFIGURATION}-output-files.xcfilelist",
			);
			runOnlyForDeploymentPostprocessing = 0;
			shellPath = /bin/sh;
			shellScript = "\"${PODS_ROOT}/Target Support Files/Pods-spotify_clone/Pods-spotify_clone-frameworks.sh\"\n";
			showEnvVarsInLog = 0;
		};
		B1297F111244B52AA0FA0CB3 /* [CP] Check Pods Manifest.lock */ = {
			isa = PBXShellScriptBuildPhase;
			buildActionMask = 2147483647;
			files = (
			);
			inputFileListPaths = (
			);
			inputPaths = (
				"${PODS_PODFILE_DIR_PATH}/Podfile.lock",
				"${PODS_ROOT}/Manifest.lock",
			);
			name = "[CP] Check Pods Manifest.lock";
			outputFileListPaths = (
			);
			outputPaths = (
				"$(DERIVED_FILE_DIR)/Pods-spotify_clone-checkManifestLockResult.txt",
			);
			runOnlyForDeploymentPostprocessing = 0;
			shellPath = /bin/sh;
			shellScript = "diff \"${PODS_PODFILE_DIR_PATH}/Podfile.lock\" \"${PODS_ROOT}/Manifest.lock\" > /dev/null\nif [ $? != 0 ] ; then\n    # print error to STDERR\n    echo \"error: The sandbox is not in sync with the Podfile.lock. Run 'pod install' or update your CocoaPods installation.\" >&2\n    exit 1\nfi\n# This output is used by Xcode 'outputs' to avoid re-running this script phase.\necho \"SUCCESS\" > \"${SCRIPT_OUTPUT_FILE_0}\"\n";
			showEnvVarsInLog = 0;
		};
/* End PBXShellScriptBuildPhase section */

/* Begin PBXSourcesBuildPhase section */
		4EA3B1A2286897220098083D /* Sources */ = {
			isa = PBXSourcesBuildPhase;
			buildActionMask = 2147483647;
			files = (
				4E0DCEB82868993F0003B1C0 /* PlaylistViewController.swift in Sources */,
				4E0DCEAD286899380003B1C0 /* SearchViewController.swift in Sources */,
				4E0DCE92286898ED0003B1C0 /* HapticsManager.swift in Sources */,
				4E0DCEBB2868993F0003B1C0 /* SearchResultsViewController.swift in Sources */,
				4E7554192868A4BF00A746A0 /* FeaturedPlaylistResponse.swift in Sources */,
				4E0DCE9F286898F80003B1C0 /* Playlist.swift in Sources */,
				4E0DCEAF286899380003B1C0 /* HomeViewController.swift in Sources */,
				4E0DCE93286898ED0003B1C0 /* AuthManager.swift in Sources */,
				4E7554242868B86D00A746A0 /* RecommendedTrackCollectionViewCell.swift in Sources */,
				4E0DCE9C286898F80003B1C0 /* UserProfile.swift in Sources */,
				4E0DCEAC286899380003B1C0 /* TabBarViewController.swift in Sources */,
				4E5A01BE28689C0800F64BAC /* NewReleasesResponse.swift in Sources */,
				4E75541D2868ABA800A746A0 /* RecommendationsResponse.swift in Sources */,
				4E5A01C028689CE300F64BAC /* APIImage.swift in Sources */,
				4E0DCEBD2868993F0003B1C0 /* WelcomeViewController.swift in Sources */,
				4E7554202868B82800A746A0 /* NewReleaseCollectionViewCell.swift in Sources */,
				4E0DCE8D286898D20003B1C0 /* AppDelegate.swift in Sources */,
				4E7554222868B84E00A746A0 /* FeaturedPlaylistCollectionViewCell.swift in Sources */,
				4E0DCEB92868993F0003B1C0 /* PlayerViewController.swift in Sources */,
				4E0DCE9E286898F80003B1C0 /* SettingsModels.swift in Sources */,
				4E0DCE9B286898F80003B1C0 /* Artist.swift in Sources */,
				4E0DCE8C286898D20003B1C0 /* SceneDelegate.swift in Sources */,
				4E0DCEAE286899380003B1C0 /* LibraryViewController.swift in Sources */,
				4E0DCEBC2868993F0003B1C0 /* SettingsViewController.swift in Sources */,
				4E0DCE9D286898F80003B1C0 /* AudioTrack.swift in Sources */,
				4E0DCE91286898ED0003B1C0 /* APICaller.swift in Sources */,
				4E0DCE9A286898F80003B1C0 /* AuthResponse.swift in Sources */,
				4E0DCEBA2868993F0003B1C0 /* ProfileViewController.swift in Sources */,
				4E0DCEB72868993F0003B1C0 /* AuthViewController.swift in Sources */,
				4E0DCE8B286898D20003B1C0 /* Extensions.swift in Sources */,
				4E75541B2868A98A00A746A0 /* RecommendedGenresResponse.swift in Sources */,
			);
			runOnlyForDeploymentPostprocessing = 0;
		};
/* End PBXSourcesBuildPhase section */

/* Begin XCBuildConfiguration section */
		4EA3B1B8286897230098083D /* Debug */ = {
			isa = XCBuildConfiguration;
			buildSettings = {
				ALWAYS_SEARCH_USER_PATHS = NO;
				CLANG_ANALYZER_NONNULL = YES;
				CLANG_ANALYZER_NUMBER_OBJECT_CONVERSION = YES_AGGRESSIVE;
				CLANG_CXX_LANGUAGE_STANDARD = "gnu++17";
				CLANG_ENABLE_MODULES = YES;
				CLANG_ENABLE_OBJC_ARC = YES;
				CLANG_ENABLE_OBJC_WEAK = YES;
				CLANG_WARN_BLOCK_CAPTURE_AUTORELEASING = YES;
				CLANG_WARN_BOOL_CONVERSION = YES;
				CLANG_WARN_COMMA = YES;
				CLANG_WARN_CONSTANT_CONVERSION = YES;
				CLANG_WARN_DEPRECATED_OBJC_IMPLEMENTATIONS = YES;
				CLANG_WARN_DIRECT_OBJC_ISA_USAGE = YES_ERROR;
				CLANG_WARN_DOCUMENTATION_COMMENTS = YES;
				CLANG_WARN_EMPTY_BODY = YES;
				CLANG_WARN_ENUM_CONVERSION = YES;
				CLANG_WARN_INFINITE_RECURSION = YES;
				CLANG_WARN_INT_CONVERSION = YES;
				CLANG_WARN_NON_LITERAL_NULL_CONVERSION = YES;
				CLANG_WARN_OBJC_IMPLICIT_RETAIN_SELF = YES;
				CLANG_WARN_OBJC_LITERAL_CONVERSION = YES;
				CLANG_WARN_OBJC_ROOT_CLASS = YES_ERROR;
				CLANG_WARN_QUOTED_INCLUDE_IN_FRAMEWORK_HEADER = YES;
				CLANG_WARN_RANGE_LOOP_ANALYSIS = YES;
				CLANG_WARN_STRICT_PROTOTYPES = YES;
				CLANG_WARN_SUSPICIOUS_MOVE = YES;
				CLANG_WARN_UNGUARDED_AVAILABILITY = YES_AGGRESSIVE;
				CLANG_WARN_UNREACHABLE_CODE = YES;
				CLANG_WARN__DUPLICATE_METHOD_MATCH = YES;
				COPY_PHASE_STRIP = NO;
				DEBUG_INFORMATION_FORMAT = dwarf;
				ENABLE_STRICT_OBJC_MSGSEND = YES;
				ENABLE_TESTABILITY = YES;
				GCC_C_LANGUAGE_STANDARD = gnu11;
				GCC_DYNAMIC_NO_PIC = NO;
				GCC_NO_COMMON_BLOCKS = YES;
				GCC_OPTIMIZATION_LEVEL = 0;
				GCC_PREPROCESSOR_DEFINITIONS = (
					"DEBUG=1",
					"$(inherited)",
				);
				GCC_WARN_64_TO_32_BIT_CONVERSION = YES;
				GCC_WARN_ABOUT_RETURN_TYPE = YES_ERROR;
				GCC_WARN_UNDECLARED_SELECTOR = YES;
				GCC_WARN_UNINITIALIZED_AUTOS = YES_AGGRESSIVE;
				GCC_WARN_UNUSED_FUNCTION = YES;
				GCC_WARN_UNUSED_VARIABLE = YES;
				IPHONEOS_DEPLOYMENT_TARGET = 15.5;
				MTL_ENABLE_DEBUG_INFO = INCLUDE_SOURCE;
				MTL_FAST_MATH = YES;
				ONLY_ACTIVE_ARCH = YES;
				SDKROOT = iphoneos;
				SWIFT_ACTIVE_COMPILATION_CONDITIONS = DEBUG;
				SWIFT_OPTIMIZATION_LEVEL = "-Onone";
			};
			name = Debug;
		};
		4EA3B1B9286897230098083D /* Release */ = {
			isa = XCBuildConfiguration;
			buildSettings = {
				ALWAYS_SEARCH_USER_PATHS = NO;
				CLANG_ANALYZER_NONNULL = YES;
				CLANG_ANALYZER_NUMBER_OBJECT_CONVERSION = YES_AGGRESSIVE;
				CLANG_CXX_LANGUAGE_STANDARD = "gnu++17";
				CLANG_ENABLE_MODULES = YES;
				CLANG_ENABLE_OBJC_ARC = YES;
				CLANG_ENABLE_OBJC_WEAK = YES;
				CLANG_WARN_BLOCK_CAPTURE_AUTORELEASING = YES;
				CLANG_WARN_BOOL_CONVERSION = YES;
				CLANG_WARN_COMMA = YES;
				CLANG_WARN_CONSTANT_CONVERSION = YES;
				CLANG_WARN_DEPRECATED_OBJC_IMPLEMENTATIONS = YES;
				CLANG_WARN_DIRECT_OBJC_ISA_USAGE = YES_ERROR;
				CLANG_WARN_DOCUMENTATION_COMMENTS = YES;
				CLANG_WARN_EMPTY_BODY = YES;
				CLANG_WARN_ENUM_CONVERSION = YES;
				CLANG_WARN_INFINITE_RECURSION = YES;
				CLANG_WARN_INT_CONVERSION = YES;
				CLANG_WARN_NON_LITERAL_NULL_CONVERSION = YES;
				CLANG_WARN_OBJC_IMPLICIT_RETAIN_SELF = YES;
				CLANG_WARN_OBJC_LITERAL_CONVERSION = YES;
				CLANG_WARN_OBJC_ROOT_CLASS = YES_ERROR;
				CLANG_WARN_QUOTED_INCLUDE_IN_FRAMEWORK_HEADER = YES;
				CLANG_WARN_RANGE_LOOP_ANALYSIS = YES;
				CLANG_WARN_STRICT_PROTOTYPES = YES;
				CLANG_WARN_SUSPICIOUS_MOVE = YES;
				CLANG_WARN_UNGUARDED_AVAILABILITY = YES_AGGRESSIVE;
				CLANG_WARN_UNREACHABLE_CODE = YES;
				CLANG_WARN__DUPLICATE_METHOD_MATCH = YES;
				COPY_PHASE_STRIP = NO;
				DEBUG_INFORMATION_FORMAT = "dwarf-with-dsym";
				ENABLE_NS_ASSERTIONS = NO;
				ENABLE_STRICT_OBJC_MSGSEND = YES;
				GCC_C_LANGUAGE_STANDARD = gnu11;
				GCC_NO_COMMON_BLOCKS = YES;
				GCC_WARN_64_TO_32_BIT_CONVERSION = YES;
				GCC_WARN_ABOUT_RETURN_TYPE = YES_ERROR;
				GCC_WARN_UNDECLARED_SELECTOR = YES;
				GCC_WARN_UNINITIALIZED_AUTOS = YES_AGGRESSIVE;
				GCC_WARN_UNUSED_FUNCTION = YES;
				GCC_WARN_UNUSED_VARIABLE = YES;
				IPHONEOS_DEPLOYMENT_TARGET = 15.5;
				MTL_ENABLE_DEBUG_INFO = NO;
				MTL_FAST_MATH = YES;
				SDKROOT = iphoneos;
				SWIFT_COMPILATION_MODE = wholemodule;
				SWIFT_OPTIMIZATION_LEVEL = "-O";
				VALIDATE_PRODUCT = YES;
			};
			name = Release;
		};
		4EA3B1BB286897230098083D /* Debug */ = {
			isa = XCBuildConfiguration;
			baseConfigurationReference = 4DD98BBF7CC6B1A18E2CC15F /* Pods-spotify_clone.debug.xcconfig */;
			buildSettings = {
				ASSETCATALOG_COMPILER_APPICON_NAME = AppIcon;
				ASSETCATALOG_COMPILER_GLOBAL_ACCENT_COLOR_NAME = AccentColor;
				CODE_SIGN_STYLE = Automatic;
				CURRENT_PROJECT_VERSION = 1;
				DEVELOPMENT_TEAM = VWD3W6VA3Y;
				GENERATE_INFOPLIST_FILE = YES;
				INFOPLIST_FILE = spotify_clone/Info.plist;
				INFOPLIST_KEY_UIApplicationSupportsIndirectInputEvents = YES;
				INFOPLIST_KEY_UILaunchStoryboardName = LaunchScreen;
				INFOPLIST_KEY_UISupportedInterfaceOrientations_iPad = "UIInterfaceOrientationPortrait UIInterfaceOrientationPortraitUpsideDown UIInterfaceOrientationLandscapeLeft UIInterfaceOrientationLandscapeRight";
				INFOPLIST_KEY_UISupportedInterfaceOrientations_iPhone = "UIInterfaceOrientationPortrait UIInterfaceOrientationLandscapeLeft UIInterfaceOrientationLandscapeRight";
				LD_RUNPATH_SEARCH_PATHS = (
					"$(inherited)",
					"@executable_path/Frameworks",
				);
				MARKETING_VERSION = 1.0;
				PRODUCT_BUNDLE_IDENTIFIER = "com.spotify-clone";
				PRODUCT_NAME = "$(TARGET_NAME)";
				SWIFT_EMIT_LOC_STRINGS = YES;
				SWIFT_VERSION = 5.0;
				TARGETED_DEVICE_FAMILY = "1,2";
			};
			name = Debug;
		};
		4EA3B1BC286897230098083D /* Release */ = {
			isa = XCBuildConfiguration;
			baseConfigurationReference = FA35FEEFA0E2B8D7BB60E4FF /* Pods-spotify_clone.release.xcconfig */;
			buildSettings = {
				ASSETCATALOG_COMPILER_APPICON_NAME = AppIcon;
				ASSETCATALOG_COMPILER_GLOBAL_ACCENT_COLOR_NAME = AccentColor;
				CODE_SIGN_STYLE = Automatic;
				CURRENT_PROJECT_VERSION = 1;
				DEVELOPMENT_TEAM = VWD3W6VA3Y;
				GENERATE_INFOPLIST_FILE = YES;
				INFOPLIST_FILE = spotify_clone/Info.plist;
				INFOPLIST_KEY_UIApplicationSupportsIndirectInputEvents = YES;
				INFOPLIST_KEY_UILaunchStoryboardName = LaunchScreen;
				INFOPLIST_KEY_UISupportedInterfaceOrientations_iPad = "UIInterfaceOrientationPortrait UIInterfaceOrientationPortraitUpsideDown UIInterfaceOrientationLandscapeLeft UIInterfaceOrientationLandscapeRight";
				INFOPLIST_KEY_UISupportedInterfaceOrientations_iPhone = "UIInterfaceOrientationPortrait UIInterfaceOrientationLandscapeLeft UIInterfaceOrientationLandscapeRight";
				LD_RUNPATH_SEARCH_PATHS = (
					"$(inherited)",
					"@executable_path/Frameworks",
				);
				MARKETING_VERSION = 1.0;
				PRODUCT_BUNDLE_IDENTIFIER = "com.spotify-clone";
				PRODUCT_NAME = "$(TARGET_NAME)";
				SWIFT_EMIT_LOC_STRINGS = YES;
				SWIFT_VERSION = 5.0;
				TARGETED_DEVICE_FAMILY = "1,2";
			};
			name = Release;
		};
/* End XCBuildConfiguration section */

/* Begin XCConfigurationList section */
		4EA3B1A1286897220098083D /* Build configuration list for PBXProject "spotify_clone" */ = {
			isa = XCConfigurationList;
			buildConfigurations = (
				4EA3B1B8286897230098083D /* Debug */,
				4EA3B1B9286897230098083D /* Release */,
			);
			defaultConfigurationIsVisible = 0;
			defaultConfigurationName = Release;
		};
		4EA3B1BA286897230098083D /* Build configuration list for PBXNativeTarget "spotify_clone" */ = {
			isa = XCConfigurationList;
			buildConfigurations = (
				4EA3B1BB286897230098083D /* Debug */,
				4EA3B1BC286897230098083D /* Release */,
			);
			defaultConfigurationIsVisible = 0;
			defaultConfigurationName = Release;
		};
/* End XCConfigurationList section */
	};
	rootObject = 4EA3B19E286897220098083D /* Project object */;
}
